
Microsoft Visual Studio Solution File, Format Version 10.00
# Visual C++ Express 2008
Project("{8BC9CEB8-8B4A-11D0-8D11-00A0C91BC942}") = "Win_formtest", "Win_formtest\Win_formtest.vcproj", "{EF25B2C8-2A19-4EB1-B1E6-2056925BD259}"
EndProject
Global
	GlobalSection(SolutionConfigurationPlatforms) = preSolution
		Debug|Win32 = Debug|Win32
		Release|Win32 = Release|Win32
	EndGlobalSection
	GlobalSection(ProjectConfigurationPlatforms) = postSolution
		{EF25B2C8-2A19-4EB1-B1E6-2056925BD259}.Debug|Win32.ActiveCfg = Debug|Win32
		{EF25B2C8-2A19-4EB1-B1E6-2056925BD259}.Debug|Win32.Build.0 = Debug|Win32
		{EF25B2C8-2A19-4EB1-B1E6-2056925BD259}.Release|Win32.ActiveCfg = Release|Win32
		{EF25B2C8-2A19-4EB1-B1E6-2056925BD259}.Release|Win32.Build.0 = Release|Win32
	EndGlobalSection
	GlobalSection(SolutionProperties) = preSolution
		HideSolutionNode = FALSE
	EndGlobalSection
EndGlobal
